hash: ee3c24eadda21083c35e99bb8d8e094cc83195c98d606ec803a133cf309bb03c
updated: 2018-07-11T20:26:58.389537625+01:00
imports:
- name: github.com/go-sql-driver/mysql
  version: 7413002f368fba928eefaf762c91a2acfeabdf68
- name: github.com/golang-migrate/migrate
  version: bcd996f3df28363f43e2d0935484c4559537a3eb
  subpackages:
  - database
  - database/mysql
  - source
  - source/file
- name: github.com/julienschmidt/httprouter
  version: 8c199fb6259ffc1af525cc3ad52ee60ba8359669
- name: github.com/mattn/go-sqlite3
  version: 25ecb14adfc7543176f7d85291ec7dba82c6f7e4
- name: github.com/onsi/ginkgo
  version: fa5fabab2a1bfbd924faf4c067d07ae414e2aedf
  subpackages:
  - ginkgo
- name: github.com/onsi/gomega
  version: 62bff4df71bdbc266561a0caee19f0594b17c240
- name: github.com/pkg/errors
  version: 645ef00459ed84a119197bfb8d8205042c6df63d
- name: github.com/sirupsen/logrus
  version: c155da19408a8799da419ed3eeb0cb5db0ad5dbc
- name: golang.org/x/crypto
  version: bd6f299fb381e4c3393d1c4b1f0b94f5e77650c8
  subpackages:
  - ssh/terminal
- name: golang.org/x/sys
  version: 8eb05f94d449fdf134ec24630ce69ada5b469c1c
  subpackages:
  - unix
  - windows
- name: google.golang.org/appengine
  version: b1f26356af11148e710935ed1ac8a7f5702c7612
  subpackages:
  - cloudsql
- name: gopkg.in/yaml.v2
  version: 5420a8b6744d3b0345ab293f6fcba19c978f1183
testImports:
- name: github.com/davecgh/go-spew
  version: 6d212800a42e8ab5c146b8ace3490ee17e5225f9
  subpackages:
  - spew
- name: github.com/pmezard/go-difflib
  version: d8ed2627bdf02c080bf22230dbb337003b7aba2d
  subpackages:
  - difflib
- name: github.com/stretchr/testify
  version: f35b8ab0b5a2cef36673838d662e249dd9c94686
  subpackages:
  - assert
